<?xml version="1.0" encoding="utf-8"?>
<Project ToolsVersion="4.0" xmlns="http://schemas.microsoft.com/developer/msbuild/2003">
  <ItemGroup>
    <Filter Include="Source Files">
      <UniqueIdentifier>{4FC737F1-C7A5-4376-A066-2A32D752A2FF}</UniqueIdentifier>
      <Extensions>cpp;c;cc;cxx;def;odl;idl;hpj;bat;asm;asmx</Extensions>
    </Filter>
    <Filter Include="Resource Files">
      <UniqueIdentifier>{67DA6AB6-F800-4c08-8B7A-83BB121AAD01}</UniqueIdentifier>
      <Extensions>rc;ico;cur;bmp;dlg;rc2;rct;bin;rgs;gif;jpg;jpeg;jpe;resx;tiff;tif;png;wav;mfcribbon-ms</Extensions>
    </Filter>
    <Filter Include="Scene Objects">
      <UniqueIdentifier>{fa22c901-d5d4-4845-9ee1-cfee9bf3f529}</UniqueIdentifier>
    </Filter>
    <Filter Include="Precompiled Header">
      <UniqueIdentifier>{93995380-89BD-4b04-88EB-625FBE52EBFB}</UniqueIdentifier>
      <Extensions>h;hh;hpp;hxx;hm;inl;inc;xsd</Extensions>
    </Filter>
    <Filter Include="Helper Classes">
      <UniqueIdentifier>{b06a8d95-91bd-40b1-80ce-24be50ad49dd}</UniqueIdentifier>
    </Filter>
    <Filter Include="Resource Files\Shaders">
      <UniqueIdentifier>{f3019451-eed7-4c3e-87b4-cea500595b6c}</UniqueIdentifier>
    </Filter>
  </ItemGroup>
  <ItemGroup>
    <ClInclude Include="stdafx.h">
      <Filter>Precompiled Header</Filter>
    </ClInclude>
    <ClInclude Include="targetver.h">
      <Filter>Precompiled Header</Filter>
    </ClInclude>
    <ClInclude Include="CGTexturedQuad.h">
      <Filter>Scene Objects</Filter>
    </ClInclude>
    <ClInclude Include="CGPrincipleAxes.h">
      <Filter>Scene Objects</Filter>
    </ClInclude>
    <ClInclude Include="helper_functions.h">
      <Filter>Helper Classes</Filter>
    </ClInclude>
    <ClInclude Include="ShaderLoader.h">
      <Filter>Helper Classes</Filter>
    </ClInclude>
    <ClInclude Include="TextureLoader.h">
      <Filter>Helper Classes</Filter>
    </ClInclude>
    <ClInclude Include="CGVBOModel.h">
      <Filter>Helper Classes</Filter>
    </ClInclude>
    <ClInclude Include="CGSphere.h">
      <Filter>Scene Objects</Filter>
    </ClInclude>
    <ClInclude Include="CGFont.h">
      <Filter>Helper Classes</Filter>
    </ClInclude>
    <ClInclude Include="CGSkybox.h">
      <Filter>Scene Objects</Filter>
    </ClInclude>
    <ClInclude Include="CGEarthScene.h">
      <Filter>Scene Objects</Filter>
    </ClInclude>
  </ItemGroup>
  <ItemGroup>
    <ClCompile Include="gldemo.cpp">
      <Filter>Source Files</Filter>
    </ClCompile>
    <ClCompile Include="CGTexturedQuad.cpp">
      <Filter>Scene Objects</Filter>
    </ClCompile>
    <ClCompile Include="CGPrincipleAxes.cpp">
      <Filter>Scene Objects</Filter>
    </ClCompile>
    <ClCompile Include="stdafx.cpp">
      <Filter>Precompiled Header</Filter>
    </ClCompile>
    <ClCompile Include="helper_functions.cpp">
      <Filter>Helper Classes</Filter>
    </ClCompile>
    <ClCompile Include="ShaderLoader.cpp">
      <Filter>Helper Classes</Filter>
    </ClCompile>
    <ClCompile Include="TextureLoader.cpp">
      <Filter>Helper Classes</Filter>
    </ClCompile>
    <ClCompile Include="CGVBOModel.cpp">
      <Filter>Helper Classes</Filter>
    </ClCompile>
    <ClCompile Include="CGSphere.cpp">
      <Filter>Scene Objects</Filter>
    </ClCompile>
    <ClCompile Include="CGFont.cpp">
      <Filter>Helper Classes</Filter>
    </ClCompile>
    <ClCompile Include="CGSkyBox.cpp">
      <Filter>Scene Objects</Filter>
    </ClCompile>
    <ClCompile Include="CGEarthScene.cpp">
      <Filter>Scene Objects</Filter>
    </ClCompile>
  </ItemGroup>
  <ItemGroup>
    <Text Include="Resources\Shaders\Cubemap\cubemap3_fragment.txt">
      <Filter>Resource Files\Shaders</Filter>
    </Text>
    <Text Include="Resources\Shaders\Cubemap\cubemap3_vertex.txt">
      <Filter>Resource Files\Shaders</Filter>
    </Text>
    <Text Include="Resources\Shaders\Skybox\skybox_fragment.txt">
      <Filter>Resource Files\Shaders</Filter>
    </Text>
    <Text Include="Resources\Shaders\Skybox\skybox_vertex.txt">
      <Filter>Resource Files\Shaders</Filter>
    </Text>
  </ItemGroup>
</Project>